
Microsoft Visual Studio Solution File, Format Version 12.00
# Visual Studio Version 17
VisualStudioVersion = 17.11.35312.102
MinimumVisualStudioVersion = 10.0.40219.1
Project("{FAE04EC0-301F-11D3-BF4B-00C04F79EFBC}") = "Lemon.ShadowFiend", "Lemon.ShadowFiend\Lemon.ShadowFiend.csproj", "{8BCFCDBB-E304-49C7-838E-7FF492B75DEE}"
EndProject
Project("{FAE04EC0-301F-11D3-BF4B-00C04F79EFBC}") = "OcxHome", "OcxHome\OcxHome.csproj", "{AEBBA238-9CED-47FA-BD72-636F8CFD3798}"
EndProject
Project("{FAE04EC0-301F-11D3-BF4B-00C04F79EFBC}") = "Lemon.Avaloniaui.Extensions", "Lemon.Avaloniaui.Extensions\Lemon.Avaloniaui.Extensions.csproj", "{06E19A5C-A910-4362-AC71-CEC4D98F5C51}"
EndProject
Project("{FAE04EC0-301F-11D3-BF4B-00C04F79EFBC}") = "Platform.Invoke.Win32", "Platform.Invoke.Win32\Platform.Invoke.Win32.csproj", "{7A6C2F54-1ACD-42D5-8DA5-501A219D4DA0}"
EndProject
Global
	GlobalSection(SolutionConfigurationPlatforms) = preSolution
		Debug|Any CPU = Debug|Any CPU
		Release|Any CPU = Release|Any CPU
	EndGlobalSection
	GlobalSection(ProjectConfigurationPlatforms) = postSolution
		{8BCFCDBB-E304-49C7-838E-7FF492B75DEE}.Debug|Any CPU.ActiveCfg = Debug|Any CPU
		{8BCFCDBB-E304-49C7-838E-7FF492B75DEE}.Debug|Any CPU.Build.0 = Debug|Any CPU
		{8BCFCDBB-E304-49C7-838E-7FF492B75DEE}.Release|Any CPU.ActiveCfg = Release|Any CPU
		{8BCFCDBB-E304-49C7-838E-7FF492B75DEE}.Release|Any CPU.Build.0 = Release|Any CPU
		{AEBBA238-9CED-47FA-BD72-636F8CFD3798}.Debug|Any CPU.ActiveCfg = Debug|Any CPU
		{AEBBA238-9CED-47FA-BD72-636F8CFD3798}.Debug|Any CPU.Build.0 = Debug|Any CPU
		{AEBBA238-9CED-47FA-BD72-636F8CFD3798}.Release|Any CPU.ActiveCfg = Release|Any CPU
		{AEBBA238-9CED-47FA-BD72-636F8CFD3798}.Release|Any CPU.Build.0 = Release|Any CPU
		{06E19A5C-A910-4362-AC71-CEC4D98F5C51}.Debug|Any CPU.ActiveCfg = Debug|Any CPU
		{06E19A5C-A910-4362-AC71-CEC4D98F5C51}.Debug|Any CPU.Build.0 = Debug|Any CPU
		{06E19A5C-A910-4362-AC71-CEC4D98F5C51}.Release|Any CPU.ActiveCfg = Release|Any CPU
		{06E19A5C-A910-4362-AC71-CEC4D98F5C51}.Release|Any CPU.Build.0 = Release|Any CPU
		{7A6C2F54-1ACD-42D5-8DA5-501A219D4DA0}.Debug|Any CPU.ActiveCfg = Debug|Any CPU
		{7A6C2F54-1ACD-42D5-8DA5-501A219D4DA0}.Debug|Any CPU.Build.0 = Debug|Any CPU
		{7A6C2F54-1ACD-42D5-8DA5-501A219D4DA0}.Release|Any CPU.ActiveCfg = Release|Any CPU
		{7A6C2F54-1ACD-42D5-8DA5-501A219D4DA0}.Release|Any CPU.Build.0 = Release|Any CPU
	EndGlobalSection
	GlobalSection(SolutionProperties) = preSolution
		HideSolutionNode = FALSE
	EndGlobalSection
	GlobalSection(ExtensibilityGlobals) = postSolution
		SolutionGuid = {42B12DED-B19A-4B8C-A311-8F3081D7D6FF}
	EndGlobalSection
EndGlobal
